
Microsoft Visual Studio Solution File, Format Version 12.00
# Visual Studio Version 17
VisualStudioVersion = 17.5.002.0
MinimumVisualStudioVersion = 10.0.40219.1
Project("{9A19103F-16F7-4668-BE54-9A1E7A4F7556}") = "AnimalKingdom", "AnimalKingdom.csproj", "{35ABFE80-D97C-412D-8288-915A9C143E76}"
EndProject
Global
	GlobalSection(SolutionConfigurationPlatforms) = preSolution
		Debug|Any CPU = Debug|Any CPU
		Release|Any CPU = Release|Any CPU
	EndGlobalSection
	GlobalSection(ProjectConfigurationPlatforms) = postSolution
		{35ABFE80-D97C-412D-8288-915A9C143E76}.Debug|Any CPU.ActiveCfg = Debug|Any CPU
		{35ABFE80-D97C-412D-8288-915A9C143E76}.Debug|Any CPU.Build.0 = Debug|Any CPU
		{35ABFE80-D97C-412D-8288-915A9C143E76}.Release|Any CPU.ActiveCfg = Release|Any CPU
		{35ABFE80-D97C-412D-8288-915A9C143E76}.Release|Any CPU.Build.0 = Release|Any CPU
	EndGlobalSection
	GlobalSection(SolutionProperties) = preSolution
		HideSolutionNode = FALSE
	EndGlobalSection
	GlobalSection(ExtensibilityGlobals) = postSolution
		SolutionGuid = {FBE0619C-41C7-41C9-BD98-EB04EAD737F5}
	EndGlobalSection
EndGlobal
